
Microsoft Visual Studio Solution File, Format Version 12.00
# Visual Studio Version 17
VisualStudioVersion = 17.4.33213.308
MinimumVisualStudioVersion = 10.0.40219.1
Project("{FAE04EC0-301F-11D3-BF4B-00C04F79EFBC}") = "Peanuts", "Peanuts\Peanuts.csproj", "{467D6F31-E864-43DB-A76A-247608D15F16}"
EndProject
Global
	GlobalSection(SolutionConfigurationPlatforms) = preSolution
		Debug|Any CPU = Debug|Any CPU
		Release|Any CPU = Release|Any CPU
	EndGlobalSection
	GlobalSection(ProjectConfigurationPlatforms) = postSolution
		{467D6F31-E864-43DB-A76A-247608D15F16}.Debug|Any CPU.ActiveCfg = Debug|Any CPU
		{467D6F31-E864-43DB-A76A-247608D15F16}.Debug|Any CPU.Build.0 = Debug|Any CPU
		{467D6F31-E864-43DB-A76A-247608D15F16}.Release|Any CPU.ActiveCfg = Release|Any CPU
		{467D6F31-E864-43DB-A76A-247608D15F16}.Release|Any CPU.Build.0 = Release|Any CPU
	EndGlobalSection
	GlobalSection(SolutionProperties) = preSolution
		HideSolutionNode = FALSE
	EndGlobalSection
	GlobalSection(ExtensibilityGlobals) = postSolution
		SolutionGuid = {E504F5A1-2B1F-41E0-9D95-2B76CE110D1C}
	EndGlobalSection
EndGlobal
